
Microsoft Visual Studio Solution File, Format Version 12.00
# Visual Studio Version 17
VisualStudioVersion = 17.2.32616.157
MinimumVisualStudioVersion = 10.0.40219.1
Project("{FAE04EC0-301F-11D3-BF4B-00C04F79EFBC}") = "SP.ShareDocumentUsingRESTAPI", "SP.ShareDocumentUsingRESTAPI\SP.ShareDocumentUsingRESTAPI.csproj", "{43DA2509-9504-40CA-AFBD-8154A1E722DE}"
EndProject
Global
	GlobalSection(SolutionConfigurationPlatforms) = preSolution
		Debug|Any CPU = Debug|Any CPU
		Release|Any CPU = Release|Any CPU
	EndGlobalSection
	GlobalSection(ProjectConfigurationPlatforms) = postSolution
		{43DA2509-9504-40CA-AFBD-8154A1E722DE}.Debug|Any CPU.ActiveCfg = Debug|Any CPU
		{43DA2509-9504-40CA-AFBD-8154A1E722DE}.Debug|Any CPU.Build.0 = Debug|Any CPU
		{43DA2509-9504-40CA-AFBD-8154A1E722DE}.Release|Any CPU.ActiveCfg = Release|Any CPU
		{43DA2509-9504-40CA-AFBD-8154A1E722DE}.Release|Any CPU.Build.0 = Release|Any CPU
	EndGlobalSection
	GlobalSection(SolutionProperties) = preSolution
		HideSolutionNode = FALSE
	EndGlobalSection
	GlobalSection(ExtensibilityGlobals) = postSolution
		SolutionGuid = {47FAFC64-85FE-4C0F-9700-1041D3D8E9E5}
	EndGlobalSection
EndGlobal
